// !$*UTF8*$!
{
	archiveVersion = 1;
	classes = {
	};
	objectVersion = 50;
	objects = {

/* Begin PBXBuildFile section */
		F01FA0CC2295911F00DC2099 /* AppDelegate.swift in Sources */ = {isa = PBXBuildFile; fileRef = F01FA0CB2295911F00DC2099 /* AppDelegate.swift */; };
		F01FA0CE2295911F00DC2099 /* ViewController.swift in Sources */ = {isa = PBXBuildFile; fileRef = F01FA0CD2295911F00DC2099 /* ViewController.swift */; };
		F01FA0D12295911F00DC2099 /* Main.storyboard in Resources */ = {isa = PBXBuildFile; fileRef = F01FA0CF2295911F00DC2099 /* Main.storyboard */; };
		F01FA0D32295912100DC2099 /* Assets.xcassets in Resources */ = {isa = PBXBuildFile; fileRef = F01FA0D22295912100DC2099 /* Assets.xcassets */; };
		F01FA0D62295912100DC2099 /* LaunchScreen.storyboard in Resources */ = {isa = PBXBuildFile; fileRef = F01FA0D42295912100DC2099 /* LaunchScreen.storyboard */; };
		F01FA0DE2295921100DC2099 /* Person.swift in Sources */ = {isa = PBXBuildFile; fileRef = F01FA0DD2295921100DC2099 /* Person.swift */; };
		F01FA0E42295951000DC2099 /* PersonCell.swift in Sources */ = {isa = PBXBuildFile; fileRef = F01FA0E32295951000DC2099 /* PersonCell.swift */; };
/* End PBXBuildFile section */

/* Begin PBXFileReference section */
		F01FA0C82295911F00DC2099 /* Project12b.app */ = {isa = PBXFileReference; explicitFileType = wrapper.application; includeInIndex = 0; path = Project12b.app; sourceTree = BUILT_PRODUCTS_DIR; };
		F01FA0CB2295911F00DC2099 /* AppDelegate.swift */ = {isa = PBXFileReference; lastKnownFileType = sourcecode.swift; path = AppDelegate.swift; sourceTree = "<group>"; };
		F01FA0CD2295911F00DC2099 /* ViewController.swift */ = {isa = PBXFileReference; lastKnownFileType = sourcecode.swift; path = ViewController.swift; sourceTree = "<group>"; };
		F01FA0D02295911F00DC2099 /* Base */ = {isa = PBXFileReference; lastKnownFileType = file.storyboard; name = Base; path = Base.lproj/Main.storyboard; sourceTree = "<group>"; };
		F01FA0D22295912100DC2099 /* Assets.xcassets */ = {isa = PBXFileReference; lastKnownFileType = folder.assetcatalog; path = Assets.xcassets; sourceTree = "<group>"; };
		F01FA0D52295912100DC2099 /* Base */ = {isa = PBXFileReference; lastKnownFileType = file.storyboard; name = Base; path = Base.lproj/LaunchScreen.storyboard; sourceTree = "<group>"; };
		F01FA0D72295912100DC2099 /* Info.plist */ = {isa = PBXFileReference; lastKnownFileType = text.plist.xml; path = Info.plist; sourceTree = "<group>"; };
		F01FA0DD2295921100DC2099 /* Person.swift */ = {isa = PBXFileReference; lastKnownFileType = sourcecode.swift; path = Person.swift; sourceTree = "<group>"; };
		F01FA0E32295951000DC2099 /* PersonCell.swift */ = {isa = PBXFileReference; lastKnownFileType = sourcecode.swift; path = PersonCell.swift; sourceTree = "<group>"; };
/* End PBXFileReference section */

/* Begin PBXFrameworksBuildPhase section */
		F01FA0C52295911F00DC2099 /* Frameworks */ = {
			isa = PBXFrameworksBuildPhase;
			buildActionMask = 2147483647;
			files = (
			);
			runOnlyForDeploymentPostprocessing = 0;
		};
/* End PBXFrameworksBuildPhase section */

/* Begin PBXGroup section */
		F01FA0BF2295911F00DC2099 = {
			isa = PBXGroup;
			children = (
				F01FA0CA2295911F00DC2099 /* Project12b */,
				F01FA0C92295911F00DC2099 /* Products */,
			);
			sourceTree = "<group>";
		};
		F01FA0C92295911F00DC2099 /* Products */ = {
			isa = PBXGroup;
			children = (
				F01FA0C82295911F00DC2099 /* Project12b.app */,
			);
			name = Products;
			sourceTree = "<group>";
		};
		F01FA0CA2295911F00DC2099 /* Project12b */ = {
			isa = PBXGroup;
			children = (
				F01FA0CB2295911F00DC2099 /* AppDelegate.swift */,
				F01FA0CD2295911F00DC2099 /* ViewController.swift */,
				F01FA0DD2295921100DC2099 /* Person.swift */,
				F01FA0E32295951000DC2099 /* PersonCell.swift */,
				F01FA0CF2295911F00DC2099 /* Main.storyboard */,
				F01FA0D22295912100DC2099 /* Assets.xcassets */,
				F01FA0D42295912100DC2099 /* LaunchScreen.storyboard */,
				F01FA0D72295912100DC2099 /* Info.plist */,
			);
			path = Project12b;
			sourceTree = "<group>";
		};
/* End PBXGroup section */

/* Begin PBXNativeTarget section */
		F01FA0C72295911F00DC2099 /* Project12b */ = {
			isa = PBXNativeTarget;
			buildConfigurationList = F01FA0DA2295912100DC2099 /* Build configuration list for PBXNativeTarget "Project12b" */;
			buildPhases = (
				F01FA0C42295911F00DC2099 /* Sources */,
				F01FA0C52295911F00DC2099 /* Frameworks */,
				F01FA0C62295911F00DC2099 /* Resources */,
			);
			buildRules = (
			);
			dependencies = (
			);
			name = Project12b;
			productName = Project12b;
			productReference = F01FA0C82295911F00DC2099 /* Project12b.app */;
			productType = "com.apple.product-type.application";
		};
/* End PBXNativeTarget section */

/* Begin PBXProject section */
		F01FA0C02295911F00DC2099 /* Project object */ = {
			isa = PBXProject;
			attributes = {
				LastSwiftUpdateCheck = 1020;
				LastUpgradeCheck = 1020;
				ORGANIZATIONNAME = margaret;
				TargetAttributes = {
					F01FA0C72295911F00DC2099 = {
						CreatedOnToolsVersion = 10.2.1;
					};
				};
			};
			buildConfigurationList = F01FA0C32295911F00DC2099 /* Build configuration list for PBXProject "Project12b" */;
			compatibilityVersion = "Xcode 9.3";
			developmentRegion = en;
			hasScannedForEncodings = 0;
			knownRegions = (
				en,
				Base,
			);
			mainGroup = F01FA0BF2295911F00DC2099;
			productRefGroup = F01FA0C92295911F00DC2099 /* Products */;
			projectDirPath = "";
			projectRoot = "";
			targets = (
				F01FA0C72295911F00DC2099 /* Project12b */,
			);
		};
/* End PBXProject section */

/* Begin PBXResourcesBuildPhase section */
		F01FA0C62295911F00DC2099 /* Resources */ = {
			isa = PBXResourcesBuildPhase;
			buildActionMask = 2147483647;
			files = (
				F01FA0D62295912100DC2099 /* LaunchScreen.storyboard in Resources */,
				F01FA0D32295912100DC2099 /* Assets.xcassets in Resources */,
				F01FA0D12295911F00DC2099 /* Main.storyboard in Resources */,
			);
			runOnlyForDeploymentPostprocessing = 0;
		};
/* End PBXResourcesBuildPhase section */

/* Begin PBXSourcesBuildPhase section */
		F01FA0C42295911F00DC2099 /* Sources */ = {
			isa = PBXSourcesBuildPhase;
			buildActionMask = 2147483647;
			files = (
				F01FA0DE2295921100DC2099 /* Person.swift in Sources */,
				F01FA0E42295951000DC2099 /* PersonCell.swift in Sources */,
				F01FA0CE2295911F00DC2099 /* ViewController.swift in Sources */,
				F01FA0CC2295911F00DC2099 /* AppDelegate.swift in Sources */,
			);
			runOnlyForDeploymentPostprocessing = 0;
		};
/* End PBXSourcesBuildPhase section */

/* Begin PBXVariantGroup section */
		F01FA0CF2295911F00DC2099 /* Main.storyboard */ = {
			isa = PBXVariantGroup;
			children = (
				F01FA0D02295911F00DC2099 /* Base */,
			);
			name = Main.storyboard;
			sourceTree = "<group>";
		};
		F01FA0D42295912100DC2099 /* LaunchScreen.storyboard */ = {
			isa = PBXVariantGroup;
			children = (
				F01FA0D52295912100DC2099 /* Base */,
			);
			name = LaunchScreen.storyboard;
			sourceTree = "<group>";
		};
/* End PBXVariantGroup section */

/* Begin XCBuildConfiguration section */
		F01FA0D82295912100DC2099 /* Debug */ = {
			isa = XCBuildConfiguration;
			buildSettings = {
				ALWAYS_SEARCH_USER_PATHS = NO;
				CLANG_ANALYZER_NONNULL = YES;
				CLANG_ANALYZER_NUMBER_OBJECT_CONVERSION = YES_AGGRESSIVE;
				CLANG_CXX_LANGUAGE_STANDARD = "gnu++14";
				CLANG_CXX_LIBRARY = "libc++";
				CLANG_ENABLE_MODULES = YES;
				CLANG_ENABLE_OBJC_ARC = YES;
				CLANG_ENABLE_OBJC_WEAK = YES;
				CLANG_WARN_BLOCK_CAPTURE_AUTORELEASING = YES;
				CLANG_WARN_BOOL_CONVERSION = YES;
				CLANG_WARN_COMMA = YES;
				CLANG_WARN_CONSTANT_CONVERSION = YES;
				CLANG_WARN_DEPRECATED_OBJC_IMPLEMENTATIONS = YES;
				CLANG_WARN_DIRECT_OBJC_ISA_USAGE = YES_ERROR;
				CLANG_WARN_DOCUMENTATION_COMMENTS = YES;
				CLANG_WARN_EMPTY_BODY = YES;
				CLANG_WARN_ENUM_CONVERSION = YES;
				CLANG_WARN_INFINITE_RECURSION = YES;
				CLANG_WARN_INT_CONVERSION = YES;
				CLANG_WARN_NON_LITERAL_NULL_CONVERSION = YES;
				CLANG_WARN_OBJC_IMPLICIT_RETAIN_SELF = YES;
				CLANG_WARN_OBJC_LITERAL_CONVERSION = YES;
				CLANG_WARN_OBJC_ROOT_CLASS = YES_ERROR;
				CLANG_WARN_RANGE_LOOP_ANALYSIS = YES;
				CLANG_WARN_STRICT_PROTOTYPES = YES;
				CLANG_WARN_SUSPICIOUS_MOVE = YES;
				CLANG_WARN_UNGUARDED_AVAILABILITY = YES_AGGRESSIVE;
				CLANG_WARN_UNREACHABLE_CODE = YES;
				CLANG_WARN__DUPLICATE_METHOD_MATCH = YES;
				CODE_SIGN_IDENTITY = "iPhone Developer";
				COPY_PHASE_STRIP = NO;
				DEBUG_INFORMATION_FORMAT = dwarf;
				ENABLE_STRICT_OBJC_MSGSEND = YES;
				ENABLE_TESTABILITY = YES;
				GCC_C_LANGUAGE_STANDARD = gnu11;
				GCC_DYNAMIC_NO_PIC = NO;
				GCC_NO_COMMON_BLOCKS = YES;
				GCC_OPTIMIZATION_LEVEL = 0;
				GCC_PREPROCESSOR_DEFINITIONS = (
					"DEBUG=1",
					"$(inherited)",
				);
				GCC_WARN_64_TO_32_BIT_CONVERSION = YES;
				GCC_WARN_ABOUT_RETURN_TYPE = YES_ERROR;
				GCC_WARN_UNDECLARED_SELECTOR = YES;
				GCC_WARN_UNINITIALIZED_AUTOS = YES_AGGRESSIVE;
				GCC_WARN_UNUSED_FUNCTION = YES;
				GCC_WARN_UNUSED_VARIABLE = YES;
				IPHONEOS_DEPLOYMENT_TARGET = 12.2;
				MTL_ENABLE_DEBUG_INFO = INCLUDE_SOURCE;
				MTL_FAST_MATH = YES;
				ONLY_ACTIVE_ARCH = YES;
				SDKROOT = iphoneos;
				SWIFT_ACTIVE_COMPILATION_CONDITIONS = DEBUG;
				SWIFT_OPTIMIZATION_LEVEL = "-Onone";
			};
			name = Debug;
		};
		F01FA0D92295912100DC2099 /* Release */ = {
			isa = XCBuildConfiguration;
			buildSettings = {
				ALWAYS_SEARCH_USER_PATHS = NO;
				CLANG_ANALYZER_NONNULL = YES;
				CLANG_ANALYZER_NUMBER_OBJECT_CONVERSION = YES_AGGRESSIVE;
				CLANG_CXX_LANGUAGE_STANDARD = "gnu++14";
				CLANG_CXX_LIBRARY = "libc++";
				CLANG_ENABLE_MODULES = YES;
				CLANG_ENABLE_OBJC_ARC = YES;
				CLANG_ENABLE_OBJC_WEAK = YES;
				CLANG_WARN_BLOCK_CAPTURE_AUTORELEASING = YES;
				CLANG_WARN_BOOL_CONVERSION = YES;
				CLANG_WARN_COMMA = YES;
				CLANG_WARN_CONSTANT_CONVERSION = YES;
				CLANG_WARN_DEPRECATED_OBJC_IMPLEMENTATIONS = YES;
				CLANG_WARN_DIRECT_OBJC_ISA_USAGE = YES_ERROR;
				CLANG_WARN_DOCUMENTATION_COMMENTS = YES;
				CLANG_WARN_EMPTY_BODY = YES;
				CLANG_WARN_ENUM_CONVERSION = YES;
				CLANG_WARN_INFINITE_RECURSION = YES;
				CLANG_WARN_INT_CONVERSION = YES;
				CLANG_WARN_NON_LITERAL_NULL_CONVERSION = YES;
				CLANG_WARN_OBJC_IMPLICIT_RETAIN_SELF = YES;
				CLANG_WARN_OBJC_LITERAL_CONVERSION = YES;
				CLANG_WARN_OBJC_ROOT_CLASS = YES_ERROR;
				CLANG_WARN_RANGE_LOOP_ANALYSIS = YES;
				CLANG_WARN_STRICT_PROTOTYPES = YES;
				CLANG_WARN_SUSPICIOUS_MOVE = YES;
				CLANG_WARN_UNGUARDED_AVAILABILITY = YES_AGGRESSIVE;
				CLANG_WARN_UNREACHABLE_CODE = YES;
				CLANG_WARN__DUPLICATE_METHOD_MATCH = YES;
				CODE_SIGN_IDENTITY = "iPhone Developer";
				COPY_PHASE_STRIP = NO;
				DEBUG_INFORMATION_FORMAT = "dwarf-with-dsym";
				ENABLE_NS_ASSERTIONS = NO;
				ENABLE_STRICT_OBJC_MSGSEND = YES;
				GCC_C_LANGUAGE_STANDARD = gnu11;
				GCC_NO_COMMON_BLOCKS = YES;
				GCC_WARN_64_TO_32_BIT_CONVERSION = YES;
				GCC_WARN_ABOUT_RETURN_TYPE = YES_ERROR;
				GCC_WARN_UNDECLARED_SELECTOR = YES;
				GCC_WARN_UNINITIALIZED_AUTOS = YES_AGGRESSIVE;
				GCC_WARN_UNUSED_FUNCTION = YES;
				GCC_WARN_UNUSED_VARIABLE = YES;
				IPHONEOS_DEPLOYMENT_TARGET = 12.2;
				MTL_ENABLE_DEBUG_INFO = NO;
				MTL_FAST_MATH = YES;
				SDKROOT = iphoneos;
				SWIFT_COMPILATION_MODE = wholemodule;
				SWIFT_OPTIMIZATION_LEVEL = "-O";
				VALIDATE_PRODUCT = YES;
			};
			name = Release;
		};
		F01FA0DB2295912100DC2099 /* Debug */ = {
			isa = XCBuildConfiguration;
			buildSettings = {
				ASSETCATALOG_COMPILER_APPICON_NAME = AppIcon;
				CODE_SIGN_STYLE = Automatic;
				INFOPLIST_FILE = Project12b/Info.plist;
				LD_RUNPATH_SEARCH_PATHS = (
					"$(inherited)",
					"@executable_path/Frameworks",
				);
				PRODUCT_BUNDLE_IDENTIFIER = com.example.Project12b;
				PRODUCT_NAME = "$(TARGET_NAME)";
				SWIFT_VERSION = 5.0;
				TARGETED_DEVICE_FAMILY = "1,2";
			};
			name = Debug;
		};
		F01FA0DC2295912100DC2099 /* Release */ = {
			isa = XCBuildConfiguration;
			buildSettings = {
				ASSETCATALOG_COMPILER_APPICON_NAME = AppIcon;
				CODE_SIGN_STYLE = Automatic;
				INFOPLIST_FILE = Project12b/Info.plist;
				LD_RUNPATH_SEARCH_PATHS = (
					"$(inherited)",
					"@executable_path/Frameworks",
				);
				PRODUCT_BUNDLE_IDENTIFIER = com.example.Project12b;
				PRODUCT_NAME = "$(TARGET_NAME)";
				SWIFT_VERSION = 5.0;
				TARGETED_DEVICE_FAMILY = "1,2";
			};
			name = Release;
		};
/* End XCBuildConfiguration section */

/* Begin XCConfigurationList section */
		F01FA0C32295911F00DC2099 /* Build configuration list for PBXProject "Project12b" */ = {
			isa = XCConfigurationList;
			buildConfigurations = (
				F01FA0D82295912100DC2099 /* Debug */,
				F01FA0D92295912100DC2099 /* Release */,
			);
			defaultConfigurationIsVisible = 0;
			defaultConfigurationName = Release;
		};
		F01FA0DA2295912100DC2099 /* Build configuration list for PBXNativeTarget "Project12b" */ = {
			isa = XCConfigurationList;
			buildConfigurations = (
				F01FA0DB2295912100DC2099 /* Debug */,
				F01FA0DC2295912100DC2099 /* Release */,
			);
			defaultConfigurationIsVisible = 0;
			defaultConfigurationName = Release;
		};
/* End XCConfigurationList section */
	};
	rootObject = F01FA0C02295911F00DC2099 /* Project object */;
}
