// !$*UTF8*$!
{
	archiveVersion = 1;
	classes = {
	};
	objectVersion = 51;
	objects = {

/* Begin PBXBuildFile section */
		E1EB31D98BE6F03F5E9EED81 /* Pods_CountriesFacts.framework in Frameworks */ = {isa = PBXBuildFile; fileRef = 6B1BEBBBE15E26D84C603A1B /* Pods_CountriesFacts.framework */; };
		F099024D22B2DB080099E28F /* AppDelegate.swift in Sources */ = {isa = PBXBuildFile; fileRef = F099024C22B2DB080099E28F /* AppDelegate.swift */; };
		F099024F22B2DB080099E28F /* ViewController.swift in Sources */ = {isa = PBXBuildFile; fileRef = F099024E22B2DB080099E28F /* ViewController.swift */; };
		F099025222B2DB080099E28F /* Main.storyboard in Resources */ = {isa = PBXBuildFile; fileRef = F099025022B2DB080099E28F /* Main.storyboard */; };
		F099025422B2DB090099E28F /* Assets.xcassets in Resources */ = {isa = PBXBuildFile; fileRef = F099025322B2DB090099E28F /* Assets.xcassets */; };
		F099025722B2DB090099E28F /* LaunchScreen.storyboard in Resources */ = {isa = PBXBuildFile; fileRef = F099025522B2DB090099E28F /* LaunchScreen.storyboard */; };
		F099026522B2E3ED0099E28F /* DetailViewController.swift in Sources */ = {isa = PBXBuildFile; fileRef = F099026422B2E3ED0099E28F /* DetailViewController.swift */; };
		F099026C22B345390099E28F /* Country.swift in Sources */ = {isa = PBXBuildFile; fileRef = F099026B22B345390099E28F /* Country.swift */; };
/* End PBXBuildFile section */

/* Begin PBXFileReference section */
		0FDA7753F90D08BDC43EB67D /* Pods-CountriesFacts.release.xcconfig */ = {isa = PBXFileReference; includeInIndex = 1; lastKnownFileType = text.xcconfig; name = "Pods-CountriesFacts.release.xcconfig"; path = "Target Support Files/Pods-CountriesFacts/Pods-CountriesFacts.release.xcconfig"; sourceTree = "<group>"; };
		6B1BEBBBE15E26D84C603A1B /* Pods_CountriesFacts.framework */ = {isa = PBXFileReference; explicitFileType = wrapper.framework; includeInIndex = 0; path = Pods_CountriesFacts.framework; sourceTree = BUILT_PRODUCTS_DIR; };
		F099024922B2DB080099E28F /* CountriesFacts.app */ = {isa = PBXFileReference; explicitFileType = wrapper.application; includeInIndex = 0; path = CountriesFacts.app; sourceTree = BUILT_PRODUCTS_DIR; };
		F099024C22B2DB080099E28F /* AppDelegate.swift */ = {isa = PBXFileReference; lastKnownFileType = sourcecode.swift; path = AppDelegate.swift; sourceTree = "<group>"; };
		F099024E22B2DB080099E28F /* ViewController.swift */ = {isa = PBXFileReference; lastKnownFileType = sourcecode.swift; path = ViewController.swift; sourceTree = "<group>"; };
		F099025122B2DB080099E28F /* Base */ = {isa = PBXFileReference; lastKnownFileType = file.storyboard; name = Base; path = Base.lproj/Main.storyboard; sourceTree = "<group>"; };
		F099025322B2DB090099E28F /* Assets.xcassets */ = {isa = PBXFileReference; lastKnownFileType = folder.assetcatalog; path = Assets.xcassets; sourceTree = "<group>"; };
		F099025622B2DB090099E28F /* Base */ = {isa = PBXFileReference; lastKnownFileType = file.storyboard; name = Base; path = Base.lproj/LaunchScreen.storyboard; sourceTree = "<group>"; };
		F099025822B2DB090099E28F /* Info.plist */ = {isa = PBXFileReference; lastKnownFileType = text.plist.xml; path = Info.plist; sourceTree = "<group>"; };
		F099026422B2E3ED0099E28F /* DetailViewController.swift */ = {isa = PBXFileReference; lastKnownFileType = sourcecode.swift; path = DetailViewController.swift; sourceTree = "<group>"; };
		F099026B22B345390099E28F /* Country.swift */ = {isa = PBXFileReference; fileEncoding = 4; lastKnownFileType = sourcecode.swift; path = Country.swift; sourceTree = "<group>"; };
		F8964E721CE8136D9B379455 /* Pods-CountriesFacts.debug.xcconfig */ = {isa = PBXFileReference; includeInIndex = 1; lastKnownFileType = text.xcconfig; name = "Pods-CountriesFacts.debug.xcconfig"; path = "Target Support Files/Pods-CountriesFacts/Pods-CountriesFacts.debug.xcconfig"; sourceTree = "<group>"; };
/* End PBXFileReference section */

/* Begin PBXFrameworksBuildPhase section */
		F099024622B2DB080099E28F /* Frameworks */ = {
			isa = PBXFrameworksBuildPhase;
			buildActionMask = 2147483647;
			files = (
				E1EB31D98BE6F03F5E9EED81 /* Pods_CountriesFacts.framework in Frameworks */,
			);
			runOnlyForDeploymentPostprocessing = 0;
		};
/* End PBXFrameworksBuildPhase section */

/* Begin PBXGroup section */
		64B3104FFD98E6BA0CC55E7F /* Frameworks */ = {
			isa = PBXGroup;
			children = (
				6B1BEBBBE15E26D84C603A1B /* Pods_CountriesFacts.framework */,
			);
			name = Frameworks;
			sourceTree = "<group>";
		};
		EE2E8310EA79C69BC0707C0F /* Pods */ = {
			isa = PBXGroup;
			children = (
				F8964E721CE8136D9B379455 /* Pods-CountriesFacts.debug.xcconfig */,
				0FDA7753F90D08BDC43EB67D /* Pods-CountriesFacts.release.xcconfig */,
			);
			path = Pods;
			sourceTree = "<group>";
		};
		F099024022B2DB080099E28F = {
			isa = PBXGroup;
			children = (
				F099024B22B2DB080099E28F /* CountriesFacts */,
				F099024A22B2DB080099E28F /* Products */,
				EE2E8310EA79C69BC0707C0F /* Pods */,
				64B3104FFD98E6BA0CC55E7F /* Frameworks */,
			);
			sourceTree = "<group>";
		};
		F099024A22B2DB080099E28F /* Products */ = {
			isa = PBXGroup;
			children = (
				F099024922B2DB080099E28F /* CountriesFacts.app */,
			);
			name = Products;
			sourceTree = "<group>";
		};
		F099024B22B2DB080099E28F /* CountriesFacts */ = {
			isa = PBXGroup;
			children = (
				F099026422B2E3ED0099E28F /* DetailViewController.swift */,
				F099026B22B345390099E28F /* Country.swift */,
				F099024C22B2DB080099E28F /* AppDelegate.swift */,
				F099024E22B2DB080099E28F /* ViewController.swift */,
				F099025022B2DB080099E28F /* Main.storyboard */,
				F099025322B2DB090099E28F /* Assets.xcassets */,
				F099025522B2DB090099E28F /* LaunchScreen.storyboard */,
				F099025822B2DB090099E28F /* Info.plist */,
			);
			path = CountriesFacts;
			sourceTree = "<group>";
		};
/* End PBXGroup section */

/* Begin PBXNativeTarget section */
		F099024822B2DB080099E28F /* CountriesFacts */ = {
			isa = PBXNativeTarget;
			buildConfigurationList = F099025B22B2DB090099E28F /* Build configuration list for PBXNativeTarget "CountriesFacts" */;
			buildPhases = (
				E56D3AB574B6F39FA525403E /* [CP] Check Pods Manifest.lock */,
				F099024522B2DB080099E28F /* Sources */,
				F099024622B2DB080099E28F /* Frameworks */,
				F099024722B2DB080099E28F /* Resources */,
				651987F06E8BA2CED4C5A6A6 /* [CP] Embed Pods Frameworks */,
			);
			buildRules = (
			);
			dependencies = (
			);
			name = CountriesFacts;
			productName = CountriesFacts;
			productReference = F099024922B2DB080099E28F /* CountriesFacts.app */;
			productType = "com.apple.product-type.application";
		};
/* End PBXNativeTarget section */

/* Begin PBXProject section */
		F099024122B2DB080099E28F /* Project object */ = {
			isa = PBXProject;
			attributes = {
				LastSwiftUpdateCheck = 1020;
				LastUpgradeCheck = 1020;
				ORGANIZATIONNAME = margaret;
				TargetAttributes = {
					F099024822B2DB080099E28F = {
						CreatedOnToolsVersion = 10.2.1;
					};
				};
			};
			buildConfigurationList = F099024422B2DB080099E28F /* Build configuration list for PBXProject "CountriesFacts" */;
			compatibilityVersion = "Xcode 9.3";
			developmentRegion = en;
			hasScannedForEncodings = 0;
			knownRegions = (
				en,
				Base,
			);
			mainGroup = F099024022B2DB080099E28F;
			productRefGroup = F099024A22B2DB080099E28F /* Products */;
			projectDirPath = "";
			projectRoot = "";
			targets = (
				F099024822B2DB080099E28F /* CountriesFacts */,
			);
		};
/* End PBXProject section */

/* Begin PBXResourcesBuildPhase section */
		F099024722B2DB080099E28F /* Resources */ = {
			isa = PBXResourcesBuildPhase;
			buildActionMask = 2147483647;
			files = (
				F099025722B2DB090099E28F /* LaunchScreen.storyboard in Resources */,
				F099025422B2DB090099E28F /* Assets.xcassets in Resources */,
				F099025222B2DB080099E28F /* Main.storyboard in Resources */,
			);
			runOnlyForDeploymentPostprocessing = 0;
		};
/* End PBXResourcesBuildPhase section */

/* Begin PBXShellScriptBuildPhase section */
		651987F06E8BA2CED4C5A6A6 /* [CP] Embed Pods Frameworks */ = {
			isa = PBXShellScriptBuildPhase;
			buildActionMask = 2147483647;
			files = (
			);
			inputFileListPaths = (
				"${PODS_ROOT}/Target Support Files/Pods-CountriesFacts/Pods-CountriesFacts-frameworks-${CONFIGURATION}-input-files.xcfilelist",
			);
			name = "[CP] Embed Pods Frameworks";
			outputFileListPaths = (
				"${PODS_ROOT}/Target Support Files/Pods-CountriesFacts/Pods-CountriesFacts-frameworks-${CONFIGURATION}-output-files.xcfilelist",
			);
			runOnlyForDeploymentPostprocessing = 0;
			shellPath = /bin/sh;
			shellScript = "\"${PODS_ROOT}/Target Support Files/Pods-CountriesFacts/Pods-CountriesFacts-frameworks.sh\"\n";
			showEnvVarsInLog = 0;
		};
		E56D3AB574B6F39FA525403E /* [CP] Check Pods Manifest.lock */ = {
			isa = PBXShellScriptBuildPhase;
			buildActionMask = 2147483647;
			files = (
			);
			inputFileListPaths = (
			);
			inputPaths = (
				"${PODS_PODFILE_DIR_PATH}/Podfile.lock",
				"${PODS_ROOT}/Manifest.lock",
			);
			name = "[CP] Check Pods Manifest.lock";
			outputFileListPaths = (
			);
			outputPaths = (
				"$(DERIVED_FILE_DIR)/Pods-CountriesFacts-checkManifestLockResult.txt",
			);
			runOnlyForDeploymentPostprocessing = 0;
			shellPath = /bin/sh;
			shellScript = "diff \"${PODS_PODFILE_DIR_PATH}/Podfile.lock\" \"${PODS_ROOT}/Manifest.lock\" > /dev/null\nif [ $? != 0 ] ; then\n    # print error to STDERR\n    echo \"error: The sandbox is not in sync with the Podfile.lock. Run 'pod install' or update your CocoaPods installation.\" >&2\n    exit 1\nfi\n# This output is used by Xcode 'outputs' to avoid re-running this script phase.\necho \"SUCCESS\" > \"${SCRIPT_OUTPUT_FILE_0}\"\n";
			showEnvVarsInLog = 0;
		};
/* End PBXShellScriptBuildPhase section */

/* Begin PBXSourcesBuildPhase section */
		F099024522B2DB080099E28F /* Sources */ = {
			isa = PBXSourcesBuildPhase;
			buildActionMask = 2147483647;
			files = (
				F099024F22B2DB080099E28F /* ViewController.swift in Sources */,
				F099024D22B2DB080099E28F /* AppDelegate.swift in Sources */,
				F099026C22B345390099E28F /* Country.swift in Sources */,
				F099026522B2E3ED0099E28F /* DetailViewController.swift in Sources */,
			);
			runOnlyForDeploymentPostprocessing = 0;
		};
/* End PBXSourcesBuildPhase section */

/* Begin PBXVariantGroup section */
		F099025022B2DB080099E28F /* Main.storyboard */ = {
			isa = PBXVariantGroup;
			children = (
				F099025122B2DB080099E28F /* Base */,
			);
			name = Main.storyboard;
			sourceTree = "<group>";
		};
		F099025522B2DB090099E28F /* LaunchScreen.storyboard */ = {
			isa = PBXVariantGroup;
			children = (
				F099025622B2DB090099E28F /* Base */,
			);
			name = LaunchScreen.storyboard;
			sourceTree = "<group>";
		};
/* End PBXVariantGroup section */

/* Begin XCBuildConfiguration section */
		F099025922B2DB090099E28F /* Debug */ = {
			isa = XCBuildConfiguration;
			buildSettings = {
				ALWAYS_SEARCH_USER_PATHS = NO;
				CLANG_ANALYZER_NONNULL = YES;
				CLANG_ANALYZER_NUMBER_OBJECT_CONVERSION = YES_AGGRESSIVE;
				CLANG_CXX_LANGUAGE_STANDARD = "gnu++14";
				CLANG_CXX_LIBRARY = "libc++";
				CLANG_ENABLE_MODULES = YES;
				CLANG_ENABLE_OBJC_ARC = YES;
				CLANG_ENABLE_OBJC_WEAK = YES;
				CLANG_WARN_BLOCK_CAPTURE_AUTORELEASING = YES;
				CLANG_WARN_BOOL_CONVERSION = YES;
				CLANG_WARN_COMMA = YES;
				CLANG_WARN_CONSTANT_CONVERSION = YES;
				CLANG_WARN_DEPRECATED_OBJC_IMPLEMENTATIONS = YES;
				CLANG_WARN_DIRECT_OBJC_ISA_USAGE = YES_ERROR;
				CLANG_WARN_DOCUMENTATION_COMMENTS = YES;
				CLANG_WARN_EMPTY_BODY = YES;
				CLANG_WARN_ENUM_CONVERSION = YES;
				CLANG_WARN_INFINITE_RECURSION = YES;
				CLANG_WARN_INT_CONVERSION = YES;
				CLANG_WARN_NON_LITERAL_NULL_CONVERSION = YES;
				CLANG_WARN_OBJC_IMPLICIT_RETAIN_SELF = YES;
				CLANG_WARN_OBJC_LITERAL_CONVERSION = YES;
				CLANG_WARN_OBJC_ROOT_CLASS = YES_ERROR;
				CLANG_WARN_RANGE_LOOP_ANALYSIS = YES;
				CLANG_WARN_STRICT_PROTOTYPES = YES;
				CLANG_WARN_SUSPICIOUS_MOVE = YES;
				CLANG_WARN_UNGUARDED_AVAILABILITY = YES_AGGRESSIVE;
				CLANG_WARN_UNREACHABLE_CODE = YES;
				CLANG_WARN__DUPLICATE_METHOD_MATCH = YES;
				CODE_SIGN_IDENTITY = "iPhone Developer";
				COPY_PHASE_STRIP = NO;
				DEBUG_INFORMATION_FORMAT = dwarf;
				ENABLE_STRICT_OBJC_MSGSEND = YES;
				ENABLE_TESTABILITY = YES;
				GCC_C_LANGUAGE_STANDARD = gnu11;
				GCC_DYNAMIC_NO_PIC = NO;
				GCC_NO_COMMON_BLOCKS = YES;
				GCC_OPTIMIZATION_LEVEL = 0;
				GCC_PREPROCESSOR_DEFINITIONS = (
					"DEBUG=1",
					"$(inherited)",
				);
				GCC_WARN_64_TO_32_BIT_CONVERSION = YES;
				GCC_WARN_ABOUT_RETURN_TYPE = YES_ERROR;
				GCC_WARN_UNDECLARED_SELECTOR = YES;
				GCC_WARN_UNINITIALIZED_AUTOS = YES_AGGRESSIVE;
				GCC_WARN_UNUSED_FUNCTION = YES;
				GCC_WARN_UNUSED_VARIABLE = YES;
				IPHONEOS_DEPLOYMENT_TARGET = 12.2;
				MTL_ENABLE_DEBUG_INFO = INCLUDE_SOURCE;
				MTL_FAST_MATH = YES;
				ONLY_ACTIVE_ARCH = YES;
				SDKROOT = iphoneos;
				SWIFT_ACTIVE_COMPILATION_CONDITIONS = DEBUG;
				SWIFT_OPTIMIZATION_LEVEL = "-Onone";
			};
			name = Debug;
		};
		F099025A22B2DB090099E28F /* Release */ = {
			isa = XCBuildConfiguration;
			buildSettings = {
				ALWAYS_SEARCH_USER_PATHS = NO;
				CLANG_ANALYZER_NONNULL = YES;
				CLANG_ANALYZER_NUMBER_OBJECT_CONVERSION = YES_AGGRESSIVE;
				CLANG_CXX_LANGUAGE_STANDARD = "gnu++14";
				CLANG_CXX_LIBRARY = "libc++";
				CLANG_ENABLE_MODULES = YES;
				CLANG_ENABLE_OBJC_ARC = YES;
				CLANG_ENABLE_OBJC_WEAK = YES;
				CLANG_WARN_BLOCK_CAPTURE_AUTORELEASING = YES;
				CLANG_WARN_BOOL_CONVERSION = YES;
				CLANG_WARN_COMMA = YES;
				CLANG_WARN_CONSTANT_CONVERSION = YES;
				CLANG_WARN_DEPRECATED_OBJC_IMPLEMENTATIONS = YES;
				CLANG_WARN_DIRECT_OBJC_ISA_USAGE = YES_ERROR;
				CLANG_WARN_DOCUMENTATION_COMMENTS = YES;
				CLANG_WARN_EMPTY_BODY = YES;
				CLANG_WARN_ENUM_CONVERSION = YES;
				CLANG_WARN_INFINITE_RECURSION = YES;
				CLANG_WARN_INT_CONVERSION = YES;
				CLANG_WARN_NON_LITERAL_NULL_CONVERSION = YES;
				CLANG_WARN_OBJC_IMPLICIT_RETAIN_SELF = YES;
				CLANG_WARN_OBJC_LITERAL_CONVERSION = YES;
				CLANG_WARN_OBJC_ROOT_CLASS = YES_ERROR;
				CLANG_WARN_RANGE_LOOP_ANALYSIS = YES;
				CLANG_WARN_STRICT_PROTOTYPES = YES;
				CLANG_WARN_SUSPICIOUS_MOVE = YES;
				CLANG_WARN_UNGUARDED_AVAILABILITY = YES_AGGRESSIVE;
				CLANG_WARN_UNREACHABLE_CODE = YES;
				CLANG_WARN__DUPLICATE_METHOD_MATCH = YES;
				CODE_SIGN_IDENTITY = "iPhone Developer";
				COPY_PHASE_STRIP = NO;
				DEBUG_INFORMATION_FORMAT = "dwarf-with-dsym";
				ENABLE_NS_ASSERTIONS = NO;
				ENABLE_STRICT_OBJC_MSGSEND = YES;
				GCC_C_LANGUAGE_STANDARD = gnu11;
				GCC_NO_COMMON_BLOCKS = YES;
				GCC_WARN_64_TO_32_BIT_CONVERSION = YES;
				GCC_WARN_ABOUT_RETURN_TYPE = YES_ERROR;
				GCC_WARN_UNDECLARED_SELECTOR = YES;
				GCC_WARN_UNINITIALIZED_AUTOS = YES_AGGRESSIVE;
				GCC_WARN_UNUSED_FUNCTION = YES;
				GCC_WARN_UNUSED_VARIABLE = YES;
				IPHONEOS_DEPLOYMENT_TARGET = 12.2;
				MTL_ENABLE_DEBUG_INFO = NO;
				MTL_FAST_MATH = YES;
				SDKROOT = iphoneos;
				SWIFT_COMPILATION_MODE = wholemodule;
				SWIFT_OPTIMIZATION_LEVEL = "-O";
				VALIDATE_PRODUCT = YES;
			};
			name = Release;
		};
		F099025C22B2DB090099E28F /* Debug */ = {
			isa = XCBuildConfiguration;
			baseConfigurationReference = F8964E721CE8136D9B379455 /* Pods-CountriesFacts.debug.xcconfig */;
			buildSettings = {
				ASSETCATALOG_COMPILER_APPICON_NAME = AppIcon;
				CODE_SIGN_STYLE = Automatic;
				INFOPLIST_FILE = CountriesFacts/Info.plist;
				LD_RUNPATH_SEARCH_PATHS = (
					"$(inherited)",
					"@executable_path/Frameworks",
				);
				PRODUCT_BUNDLE_IDENTIFIER = com.example.CountriesFacts;
				PRODUCT_NAME = "$(TARGET_NAME)";
				SWIFT_VERSION = 5.0;
				TARGETED_DEVICE_FAMILY = "1,2";
			};
			name = Debug;
		};
		F099025D22B2DB090099E28F /* Release */ = {
			isa = XCBuildConfiguration;
			baseConfigurationReference = 0FDA7753F90D08BDC43EB67D /* Pods-CountriesFacts.release.xcconfig */;
			buildSettings = {
				ASSETCATALOG_COMPILER_APPICON_NAME = AppIcon;
				CODE_SIGN_STYLE = Automatic;
				INFOPLIST_FILE = CountriesFacts/Info.plist;
				LD_RUNPATH_SEARCH_PATHS = (
					"$(inherited)",
					"@executable_path/Frameworks",
				);
				PRODUCT_BUNDLE_IDENTIFIER = com.example.CountriesFacts;
				PRODUCT_NAME = "$(TARGET_NAME)";
				SWIFT_VERSION = 5.0;
				TARGETED_DEVICE_FAMILY = "1,2";
			};
			name = Release;
		};
/* End XCBuildConfiguration section */

/* Begin XCConfigurationList section */
		F099024422B2DB080099E28F /* Build configuration list for PBXProject "CountriesFacts" */ = {
			isa = XCConfigurationList;
			buildConfigurations = (
				F099025922B2DB090099E28F /* Debug */,
				F099025A22B2DB090099E28F /* Release */,
			);
			defaultConfigurationIsVisible = 0;
			defaultConfigurationName = Release;
		};
		F099025B22B2DB090099E28F /* Build configuration list for PBXNativeTarget "CountriesFacts" */ = {
			isa = XCConfigurationList;
			buildConfigurations = (
				F099025C22B2DB090099E28F /* Debug */,
				F099025D22B2DB090099E28F /* Release */,
			);
			defaultConfigurationIsVisible = 0;
			defaultConfigurationName = Release;
		};
/* End XCConfigurationList section */
	};
	rootObject = F099024122B2DB080099E28F /* Project object */;
}
